
Microsoft Visual Studio Solution File, Format Version 12.00
# Visual Studio Version 17
VisualStudioVersion = 17.10.35013.160
MinimumVisualStudioVersion = 10.0.40219.1
Project("{FAE04EC0-301F-11D3-BF4B-00C04F79EFBC}") = "Core_Api_Using_Dapper", "Core_Api_Using_Dapper\Core_Api_Using_Dapper.csproj", "{2325D85B-F8D9-4CA1-BE6F-50FFA605B355}"
EndProject
Project("{FAE04EC0-301F-11D3-BF4B-00C04F79EFBC}") = "DapperAPI.DTOs", "DapperAPI.DTOs\DapperAPI.DTOs.csproj", "{677A6CC3-1EAC-4C9B-9D11-44DEB2BF3707}"
EndProject
Project("{FAE04EC0-301F-11D3-BF4B-00C04F79EFBC}") = "DapperAPi.Repositorys", "DapperAPi.Repositorys\DapperAPi.Repositorys.csproj", "{43D00660-6A4F-48E1-BB94-F3FA2C30826E}"
EndProject
Global
	GlobalSection(SolutionConfigurationPlatforms) = preSolution
		Debug|Any CPU = Debug|Any CPU
		Release|Any CPU = Release|Any CPU
	EndGlobalSection
	GlobalSection(ProjectConfigurationPlatforms) = postSolution
		{2325D85B-F8D9-4CA1-BE6F-50FFA605B355}.Debug|Any CPU.ActiveCfg = Debug|Any CPU
		{2325D85B-F8D9-4CA1-BE6F-50FFA605B355}.Debug|Any CPU.Build.0 = Debug|Any CPU
		{2325D85B-F8D9-4CA1-BE6F-50FFA605B355}.Release|Any CPU.ActiveCfg = Release|Any CPU
		{2325D85B-F8D9-4CA1-BE6F-50FFA605B355}.Release|Any CPU.Build.0 = Release|Any CPU
		{677A6CC3-1EAC-4C9B-9D11-44DEB2BF3707}.Debug|Any CPU.ActiveCfg = Debug|Any CPU
		{677A6CC3-1EAC-4C9B-9D11-44DEB2BF3707}.Debug|Any CPU.Build.0 = Debug|Any CPU
		{677A6CC3-1EAC-4C9B-9D11-44DEB2BF3707}.Release|Any CPU.ActiveCfg = Release|Any CPU
		{677A6CC3-1EAC-4C9B-9D11-44DEB2BF3707}.Release|Any CPU.Build.0 = Release|Any CPU
		{43D00660-6A4F-48E1-BB94-F3FA2C30826E}.Debug|Any CPU.ActiveCfg = Debug|Any CPU
		{43D00660-6A4F-48E1-BB94-F3FA2C30826E}.Debug|Any CPU.Build.0 = Debug|Any CPU
		{43D00660-6A4F-48E1-BB94-F3FA2C30826E}.Release|Any CPU.ActiveCfg = Release|Any CPU
		{43D00660-6A4F-48E1-BB94-F3FA2C30826E}.Release|Any CPU.Build.0 = Release|Any CPU
	EndGlobalSection
	GlobalSection(SolutionProperties) = preSolution
		HideSolutionNode = FALSE
	EndGlobalSection
	GlobalSection(ExtensibilityGlobals) = postSolution
		SolutionGuid = {B9D18F0B-9FA6-4FCF-A3BF-F160E5D5A858}
	EndGlobalSection
EndGlobal
